{
  "requires": true,
  "lockfileVersion": 1,
  "dependencies": {
    "@angular/animations": {
      "version": "11.2.7",
      "resolved": "https://registry.npmjs.org/@angular/animations/-/animations-11.2.7.tgz",
      "integrity": "sha512-i+H5vC2/NUqZwGeoDHpLDn81R3prQGwT1AajMqFw9D3U6VX6G5EfYmn1zLvu8nL2r4cYMsSQ/LKnKl2jnQX0sQ==",
      "requires": {
        "tslib": "^2.0.0"
      }
    },
    "@angular/cdk": {
      "version": "11.2.6",
      "resolved": "https://registry.npmjs.org/@angular/cdk/-/cdk-11.2.6.tgz",
      "integrity": "sha512-cVR+F6oIIxOTHXQOPUF6owWEPqqmK9vih/MFlgG0PrkVd8KkuCkjfet9xPVLaTLK/kGY+EWsqGX84crFS/XyYg==",
      "requires": {
        "parse5": "^5.0.0",
        "tslib": "^2.0.0"
      }
    },
    "@angular/material": {
      "version": "11.2.6",
      "resolved": "https://registry.npmjs.org/@angular/material/-/material-11.2.6.tgz",
      "integrity": "sha512-e/wHn875tvgUu6n3LhSC3h/F2aQ2rEo6cwgFMYNxCNyBcpu6TBx3WfR7nbwsyQIWjnpn0g1KvtRwzJtRp6Nimw==",
      "requires": {
        "tslib": "^2.0.0"
      }
    },
    "@angular/youtube-player": {
      "version": "11.2.7",
      "resolved": "https://registry.npmjs.org/@angular/youtube-player/-/youtube-player-11.2.7.tgz",
      "integrity": "sha512-u6kUG4UTwVOyY9CgFYmy46dbrFbE77Z9p7XJcIrFVJt77bAGZ8hvaxARr3VuGO8enuuy54fCyCXa2u03fRZ60g==",
      "requires": {
        "@types/youtube": "^0.0.38",
        "tslib": "^2.0.0"
      }
    },
    "@types/pdfjs-dist": {
      "version": "2.1.7",
      "resolved": "https://registry.npmjs.org/@types/pdfjs-dist/-/pdfjs-dist-2.1.7.tgz",
      "integrity": "sha512-nQIwcPUhkAIyn7x9NS0lR/qxYfd5unRtfGkMjvpgF4Sh28IXftRymaNmFKTTdejDNY25NDGSIyjwj/BRwAPexg=="
    },
    "@types/youtube": {
      "version": "0.0.38",
      "resolved": "https://registry.npmjs.org/@types/youtube/-/youtube-0.0.38.tgz",
      "integrity": "sha512-rS0nLlnnZIvOfBNT4957rkKRMHjHxutoVhSEzowocYgNiTMVBmN+Hbkf/L3TeGMMtts9uKZ9gw7O2JLHREVnIw=="
    },
    "bootstrap": {
      "version": "4.6.0",
      "resolved": "https://registry.npmjs.org/bootstrap/-/bootstrap-4.6.0.tgz",
      "integrity": "sha512-Io55IuQY3kydzHtbGvQya3H+KorS/M9rSNyfCGCg9WZ4pyT/lCxIlpJgG1GXW/PswzC84Tr2fBYi+7+jFVQQBw=="
    },
    "jquery": {
      "version": "3.6.0",
      "resolved": "https://registry.npmjs.org/jquery/-/jquery-3.6.0.tgz",
      "integrity": "sha512-JVzAR/AjBvVt2BmYhxRCSYysDsPcssdmTFnzyLEts9qNwmjmu4JTAMYubEfwVOSwpQ1I1sKKFcxhZCI2buerfw=="
    },
    "ng2-pdf-viewer": {
      "version": "6.4.1",
      "resolved": "https://registry.npmjs.org/ng2-pdf-viewer/-/ng2-pdf-viewer-6.4.1.tgz",
      "integrity": "sha512-A8R9SGa2bu4n+mtagGX8DqBrVAbuROrEgcAOQwCdciYTLAq9EFGEB8TCQZpjvYVaFTNwjKWTMTjFQVEorjbLeQ==",
      "requires": {
        "@types/pdfjs-dist": "~2.1.7",
        "pdfjs-dist": "~2.5.207",
        "tslib": "^1.10.0"
      },
      "dependencies": {
        "tslib": {
          "version": "1.14.1",
          "resolved": "https://registry.npmjs.org/tslib/-/tslib-1.14.1.tgz",
          "integrity": "sha512-Xni35NKzjgMrwevysHTCArtLDpPvye8zV/0E4EyYn43P7/7qvQwPh9BGkHewbMulVntbigmcT7rdX3BNo9wRJg=="
        }
      }
    },
    "parse5": {
      "version": "5.1.1",
      "resolved": "https://registry.npmjs.org/parse5/-/parse5-5.1.1.tgz",
      "integrity": "sha512-ugq4DFI0Ptb+WWjAdOK16+u/nHfiIrcE+sh8kZMaM0WllQKLI9rOUq6c2b7cwPkXdzfQESqvoqK6ug7U/Yyzug==",
      "optional": true
    },
    "pdfjs-dist": {
      "version": "2.5.207",
      "resolved": "https://registry.npmjs.org/pdfjs-dist/-/pdfjs-dist-2.5.207.tgz",
      "integrity": "sha512-xGDUhnCYPfHy+unMXCLCJtlpZaaZ17Ew3WIL0tnSgKFUZXHAPD49GO9xScyszSsQMoutNDgRb+rfBXIaX/lJbw=="
    },
    "tslib": {
      "version": "2.1.0",
      "resolved": "https://registry.npmjs.org/tslib/-/tslib-2.1.0.tgz",
      "integrity": "sha512-hcVC3wYEziELGGmEEXue7D75zbwIIVUMWAVbHItGPx0ziyXxrOMQx4rQEVEV45Ut/1IotuEvwqPopzIOkDMf0A=="
    }
  }
}
